
Microsoft Visual Studio Solution File, Format Version 12.00
# Visual Studio Version 17
VisualStudioVersion = 17.7.34024.191
MinimumVisualStudioVersion = 10.0.40219.1
Project("{FAE04EC0-301F-11D3-BF4B-00C04F79EFBC}") = "week13SQLiteDB", "week13SQLiteDB\week13SQLiteDB.csproj", "{2AA5B496-1E53-4004-AC77-2A3583ABEADD}"
EndProject
Global
	GlobalSection(SolutionConfigurationPlatforms) = preSolution
		Debug|Any CPU = Debug|Any CPU
		Release|Any CPU = Release|Any CPU
	EndGlobalSection
	GlobalSection(ProjectConfigurationPlatforms) = postSolution
		{2AA5B496-1E53-4004-AC77-2A3583ABEADD}.Debug|Any CPU.ActiveCfg = Debug|Any CPU
		{2AA5B496-1E53-4004-AC77-2A3583ABEADD}.Debug|Any CPU.Build.0 = Debug|Any CPU
		{2AA5B496-1E53-4004-AC77-2A3583ABEADD}.Release|Any CPU.ActiveCfg = Release|Any CPU
		{2AA5B496-1E53-4004-AC77-2A3583ABEADD}.Release|Any CPU.Build.0 = Release|Any CPU
	EndGlobalSection
	GlobalSection(SolutionProperties) = preSolution
		HideSolutionNode = FALSE
	EndGlobalSection
	GlobalSection(ExtensibilityGlobals) = postSolution
		SolutionGuid = {020F8D4B-83AD-44AC-B959-85A127CD7492}
	EndGlobalSection
EndGlobal
